// !$*UTF8*$!
{
	archiveVersion = 1;
	classes = {
	};
	objectVersion = 50;
	objects = {

/* Begin PBXBuildFile section */
		C01E73A2239646920040E1EB /* MVP.framework in Frameworks */ = {isa = PBXBuildFile; fileRef = C01E7399239646920040E1EB /* MVP.framework */; };
		C01E73A9239646920040E1EB /* MVPTests.swift in Sources */ = {isa = PBXBuildFile; fileRef = C01E73A8239646920040E1EB /* MVPTests.swift */; };
		C01E73AE239646920040E1EB /* MVP.framework in Frameworks */ = {isa = PBXBuildFile; fileRef = C01E7399239646920040E1EB /* MVP.framework */; };
		C01E73AF239646920040E1EB /* MVP.framework in Embed Frameworks */ = {isa = PBXBuildFile; fileRef = C01E7399239646920040E1EB /* MVP.framework */; settings = {ATTRIBUTES = (CodeSignOnCopy, RemoveHeadersOnCopy, ); }; };
		C01E73BD23964AAD0040E1EB /* Start.storyboard in Resources */ = {isa = PBXBuildFile; fileRef = C01E73BC23964AAD0040E1EB /* Start.storyboard */; };
		C01E73BF23964B500040E1EB /* FeedPresenter.swift in Sources */ = {isa = PBXBuildFile; fileRef = C01E73BE23964B500040E1EB /* FeedPresenter.swift */; };
		C01E73C123964BCE0040E1EB /* FeedImageVIewModel.swift in Sources */ = {isa = PBXBuildFile; fileRef = C01E73C023964BCE0040E1EB /* FeedImageVIewModel.swift */; };
		C01E73C323964BE30040E1EB /* FeedLoadingViewModel.swift in Sources */ = {isa = PBXBuildFile; fileRef = C01E73C223964BE30040E1EB /* FeedLoadingViewModel.swift */; };
		C01E73C523964BF50040E1EB /* FeedImagePresenter.swift in Sources */ = {isa = PBXBuildFile; fileRef = C01E73C423964BF50040E1EB /* FeedImagePresenter.swift */; };
		C01E73C723964C160040E1EB /* FeedViewModel.swift in Sources */ = {isa = PBXBuildFile; fileRef = C01E73C623964C160040E1EB /* FeedViewModel.swift */; };
		C01E73C9239658630040E1EB /* ErrorView.swift in Sources */ = {isa = PBXBuildFile; fileRef = C01E73C8239658620040E1EB /* ErrorView.swift */; };
		C01E73CB239659610040E1EB /* FeedImageCell.swift in Sources */ = {isa = PBXBuildFile; fileRef = C01E73CA239659610040E1EB /* FeedImageCell.swift */; };
		C01E73CD239659A20040E1EB /* FeedImageCellController.swift in Sources */ = {isa = PBXBuildFile; fileRef = C01E73CC239659A20040E1EB /* FeedImageCellController.swift */; };
		C01E73CF23965A150040E1EB /* FeedViewController.swift in Sources */ = {isa = PBXBuildFile; fileRef = C01E73CE23965A150040E1EB /* FeedViewController.swift */; };
		C01E73D223965A490040E1EB /* UIImageView+Animations.swift in Sources */ = {isa = PBXBuildFile; fileRef = C01E73D123965A490040E1EB /* UIImageView+Animations.swift */; };
		C01E73D423965A5A0040E1EB /* UITableView+Dequeueing.swift in Sources */ = {isa = PBXBuildFile; fileRef = C01E73D323965A5A0040E1EB /* UITableView+Dequeueing.swift */; };
		C01E73D623965A6D0040E1EB /* UITableView+HeaderSizing.swift in Sources */ = {isa = PBXBuildFile; fileRef = C01E73D523965A6D0040E1EB /* UITableView+HeaderSizing.swift */; };
		C01E73D823965A7F0040E1EB /* UIView+Shimmering.swift in Sources */ = {isa = PBXBuildFile; fileRef = C01E73D723965A7F0040E1EB /* UIView+Shimmering.swift */; };
		C01E73DB23965AAC0040E1EB /* FeedUIComposer.swift in Sources */ = {isa = PBXBuildFile; fileRef = C01E73DA23965AAC0040E1EB /* FeedUIComposer.swift */; };
		C01E73DD23965E6F0040E1EB /* FeedViewAdapter.swift in Sources */ = {isa = PBXBuildFile; fileRef = C01E73DC23965E6F0040E1EB /* FeedViewAdapter.swift */; };
		C01E73DF23965E910040E1EB /* FeedImageDataLoaderPresentationAdapter.swift in Sources */ = {isa = PBXBuildFile; fileRef = C01E73DE23965E910040E1EB /* FeedImageDataLoaderPresentationAdapter.swift */; };
		C01E73E123965EA80040E1EB /* FeedLoaderPresentationAdapter.swift in Sources */ = {isa = PBXBuildFile; fileRef = C01E73E023965EA80040E1EB /* FeedLoaderPresentationAdapter.swift */; };
		C01E73E323965ECB0040E1EB /* WeakRefVirtualProxy.swift in Sources */ = {isa = PBXBuildFile; fileRef = C01E73E223965ECB0040E1EB /* WeakRefVirtualProxy.swift */; };
		C01E73E423965F0B0040E1EB /* Helpers.framework in Frameworks */ = {isa = PBXBuildFile; fileRef = C03516BD2394F0D700586762 /* Helpers.framework */; };
		C01E73E523965F0B0040E1EB /* Helpers.framework in Embed Frameworks */ = {isa = PBXBuildFile; fileRef = C03516BD2394F0D700586762 /* Helpers.framework */; settings = {ATTRIBUTES = (CodeSignOnCopy, RemoveHeadersOnCopy, ); }; };
		C035165423942D7000586762 /* Feed.framework in Frameworks */ = {isa = PBXBuildFile; fileRef = C035165323942D7000586762 /* Feed.framework */; };
		C035165523942D7000586762 /* Feed.framework in Embed Frameworks */ = {isa = PBXBuildFile; fileRef = C035165323942D7000586762 /* Feed.framework */; settings = {ATTRIBUTES = (CodeSignOnCopy, RemoveHeadersOnCopy, ); }; };
		C03516672394E8FB00586762 /* MainQueueDispatchDecorator.swift in Sources */ = {isa = PBXBuildFile; fileRef = C03516662394E8FB00586762 /* MainQueueDispatchDecorator.swift */; };
		C03516C62394F0D700586762 /* Helpers.framework in Frameworks */ = {isa = PBXBuildFile; fileRef = C03516BD2394F0D700586762 /* Helpers.framework */; };
		C03516CD2394F0D700586762 /* HelpersTests.swift in Sources */ = {isa = PBXBuildFile; fileRef = C03516CC2394F0D700586762 /* HelpersTests.swift */; };
		C03516D22394F0D700586762 /* Helpers.framework in Frameworks */ = {isa = PBXBuildFile; fileRef = C03516BD2394F0D700586762 /* Helpers.framework */; };
		C03516D32394F0D700586762 /* Helpers.framework in Embed Frameworks */ = {isa = PBXBuildFile; fileRef = C03516BD2394F0D700586762 /* Helpers.framework */; settings = {ATTRIBUTES = (CodeSignOnCopy, RemoveHeadersOnCopy, ); }; };
		C03516DB2394F0F800586762 /* Feed.framework in Frameworks */ = {isa = PBXBuildFile; fileRef = C03516DA2394F0F800586762 /* Feed.framework */; };
		C03516DC2394F0F800586762 /* Feed.framework in Embed Frameworks */ = {isa = PBXBuildFile; fileRef = C03516DA2394F0F800586762 /* Feed.framework */; settings = {ATTRIBUTES = (CodeSignOnCopy, RemoveHeadersOnCopy, ); }; };
		C03516EC2394F14900586762 /* MVC.framework in Frameworks */ = {isa = PBXBuildFile; fileRef = C03516E32394F14900586762 /* MVC.framework */; };
		C03516F32394F14900586762 /* MVCTests.swift in Sources */ = {isa = PBXBuildFile; fileRef = C03516F22394F14900586762 /* MVCTests.swift */; };
		C03516F82394F14900586762 /* MVC.framework in Frameworks */ = {isa = PBXBuildFile; fileRef = C03516E32394F14900586762 /* MVC.framework */; };
		C03516F92394F14900586762 /* MVC.framework in Embed Frameworks */ = {isa = PBXBuildFile; fileRef = C03516E32394F14900586762 /* MVC.framework */; settings = {ATTRIBUTES = (CodeSignOnCopy, RemoveHeadersOnCopy, ); }; };
		C035170E2394F22E00586762 /* Start.storyboard in Resources */ = {isa = PBXBuildFile; fileRef = C035170D2394F22E00586762 /* Start.storyboard */; };
		C03517102394F26800586762 /* FeedViewController.swift in Sources */ = {isa = PBXBuildFile; fileRef = C035170F2394F26800586762 /* FeedViewController.swift */; };
		C03517122394F28A00586762 /* FeedImageCellController.swift in Sources */ = {isa = PBXBuildFile; fileRef = C03517112394F28A00586762 /* FeedImageCellController.swift */; };
		C03517142394F2CC00586762 /* FeedImageCell.swift in Sources */ = {isa = PBXBuildFile; fileRef = C03517132394F2CC00586762 /* FeedImageCell.swift */; };
		C03517172394F2F700586762 /* UIImageView+Animations.swift in Sources */ = {isa = PBXBuildFile; fileRef = C03517162394F2F700586762 /* UIImageView+Animations.swift */; };
		C03517192394F2FF00586762 /* UITableView+Dequeueing.swift in Sources */ = {isa = PBXBuildFile; fileRef = C03517182394F2FF00586762 /* UITableView+Dequeueing.swift */; };
		C035171B2394F30900586762 /* UITableView+HeaderSizing.swift in Sources */ = {isa = PBXBuildFile; fileRef = C035171A2394F30900586762 /* UITableView+HeaderSizing.swift */; };
		C035171D2394F32200586762 /* UIView+Shimmering.swift in Sources */ = {isa = PBXBuildFile; fileRef = C035171C2394F32200586762 /* UIView+Shimmering.swift */; };
		C035171F2394F36B00586762 /* ErrorView.swift in Sources */ = {isa = PBXBuildFile; fileRef = C035171E2394F36B00586762 /* ErrorView.swift */; };
		C035172123951EDB00586762 /* FeedRefreshController.swift in Sources */ = {isa = PBXBuildFile; fileRef = C035172023951EDB00586762 /* FeedRefreshController.swift */; };
		C0351723239526E400586762 /* FeedUIComposer.swift in Sources */ = {isa = PBXBuildFile; fileRef = C0351722239526E400586762 /* FeedUIComposer.swift */; };
		C035172F23952A0E00586762 /* Helpers.framework in Frameworks */ = {isa = PBXBuildFile; fileRef = C03516BD2394F0D700586762 /* Helpers.framework */; };
		C035173023952A0E00586762 /* Helpers.framework in Embed Frameworks */ = {isa = PBXBuildFile; fileRef = C03516BD2394F0D700586762 /* Helpers.framework */; settings = {ATTRIBUTES = (CodeSignOnCopy, RemoveHeadersOnCopy, ); }; };
		C035173423952AA600586762 /* MainQueueDispatchDecorator.swift in Sources */ = {isa = PBXBuildFile; fileRef = C03516662394E8FB00586762 /* MainQueueDispatchDecorator.swift */; };
		C035173523952AB400586762 /* MainQueueDispatchDecorator.swift in Sources */ = {isa = PBXBuildFile; fileRef = C03516662394E8FB00586762 /* MainQueueDispatchDecorator.swift */; };
		C04DAE182393E340001D7D77 /* AppDelegate.swift in Sources */ = {isa = PBXBuildFile; fileRef = C04DAE172393E340001D7D77 /* AppDelegate.swift */; };
		C04DAE1A2393E340001D7D77 /* SceneDelegate.swift in Sources */ = {isa = PBXBuildFile; fileRef = C04DAE192393E340001D7D77 /* SceneDelegate.swift */; };
		C04DAE1E2393E342001D7D77 /* Assets.xcassets in Resources */ = {isa = PBXBuildFile; fileRef = C04DAE1D2393E342001D7D77 /* Assets.xcassets */; };
		C04DAE212393E342001D7D77 /* Preview Assets.xcassets in Resources */ = {isa = PBXBuildFile; fileRef = C04DAE202393E342001D7D77 /* Preview Assets.xcassets */; };
		C04DAE242393E342001D7D77 /* LaunchScreen.storyboard in Resources */ = {isa = PBXBuildFile; fileRef = C04DAE222393E342001D7D77 /* LaunchScreen.storyboard */; };
		C04DAE2F2393E343001D7D77 /* NewsAppiOSTests.swift in Sources */ = {isa = PBXBuildFile; fileRef = C04DAE2E2393E343001D7D77 /* NewsAppiOSTests.swift */; };
/* End PBXBuildFile section */

/* Begin PBXContainerItemProxy section */
		C01E73A3239646920040E1EB /* PBXContainerItemProxy */ = {
			isa = PBXContainerItemProxy;
			containerPortal = C04DAE0C2393E340001D7D77 /* Project object */;
			proxyType = 1;
			remoteGlobalIDString = C01E7398239646920040E1EB;
			remoteInfo = MVP;
		};
		C01E73A5239646920040E1EB /* PBXContainerItemProxy */ = {
			isa = PBXContainerItemProxy;
			containerPortal = C04DAE0C2393E340001D7D77 /* Project object */;
			proxyType = 1;
			remoteGlobalIDString = C04DAE132393E340001D7D77;
			remoteInfo = NewsAppiOS;
		};
		C01E73AC239646920040E1EB /* PBXContainerItemProxy */ = {
			isa = PBXContainerItemProxy;
			containerPortal = C04DAE0C2393E340001D7D77 /* Project object */;
			proxyType = 1;
			remoteGlobalIDString = C01E7398239646920040E1EB;
			remoteInfo = MVP;
		};
		C01E73E623965F0B0040E1EB /* PBXContainerItemProxy */ = {
			isa = PBXContainerItemProxy;
			containerPortal = C04DAE0C2393E340001D7D77 /* Project object */;
			proxyType = 1;
			remoteGlobalIDString = C03516BC2394F0D700586762;
			remoteInfo = Helpers;
		};
		C03516C72394F0D700586762 /* PBXContainerItemProxy */ = {
			isa = PBXContainerItemProxy;
			containerPortal = C04DAE0C2393E340001D7D77 /* Project object */;
			proxyType = 1;
			remoteGlobalIDString = C03516BC2394F0D700586762;
			remoteInfo = Helpers;
		};
		C03516C92394F0D700586762 /* PBXContainerItemProxy */ = {
			isa = PBXContainerItemProxy;
			containerPortal = C04DAE0C2393E340001D7D77 /* Project object */;
			proxyType = 1;
			remoteGlobalIDString = C04DAE132393E340001D7D77;
			remoteInfo = NewsAppiOS;
		};
		C03516D02394F0D700586762 /* PBXContainerItemProxy */ = {
			isa = PBXContainerItemProxy;
			containerPortal = C04DAE0C2393E340001D7D77 /* Project object */;
			proxyType = 1;
			remoteGlobalIDString = C03516BC2394F0D700586762;
			remoteInfo = Helpers;
		};
		C03516ED2394F14900586762 /* PBXContainerItemProxy */ = {
			isa = PBXContainerItemProxy;
			containerPortal = C04DAE0C2393E340001D7D77 /* Project object */;
			proxyType = 1;
			remoteGlobalIDString = C03516E22394F14900586762;
			remoteInfo = MVC;
		};
		C03516EF2394F14900586762 /* PBXContainerItemProxy */ = {
			isa = PBXContainerItemProxy;
			containerPortal = C04DAE0C2393E340001D7D77 /* Project object */;
			proxyType = 1;
			remoteGlobalIDString = C04DAE132393E340001D7D77;
			remoteInfo = NewsAppiOS;
		};
		C03516F62394F14900586762 /* PBXContainerItemProxy */ = {
			isa = PBXContainerItemProxy;
			containerPortal = C04DAE0C2393E340001D7D77 /* Project object */;
			proxyType = 1;
			remoteGlobalIDString = C03516E22394F14900586762;
			remoteInfo = MVC;
		};
		C03517292395276900586762 /* PBXContainerItemProxy */ = {
			isa = PBXContainerItemProxy;
			containerPortal = C04DAE0C2393E340001D7D77 /* Project object */;
			proxyType = 1;
			remoteGlobalIDString = C03516BC2394F0D700586762;
			remoteInfo = Helpers;
		};
		C035173123952A0E00586762 /* PBXContainerItemProxy */ = {
			isa = PBXContainerItemProxy;
			containerPortal = C04DAE0C2393E340001D7D77 /* Project object */;
			proxyType = 1;
			remoteGlobalIDString = C03516BC2394F0D700586762;
			remoteInfo = Helpers;
		};
		C04DAE2B2393E343001D7D77 /* PBXContainerItemProxy */ = {
			isa = PBXContainerItemProxy;
			containerPortal = C04DAE0C2393E340001D7D77 /* Project object */;
			proxyType = 1;
			remoteGlobalIDString = C04DAE132393E340001D7D77;
			remoteInfo = NewsAppiOS;
		};
/* End PBXContainerItemProxy section */

/* Begin PBXCopyFilesBuildPhase section */
		C01E73E823965F0B0040E1EB /* Embed Frameworks */ = {
			isa = PBXCopyFilesBuildPhase;
			buildActionMask = 2147483647;
			dstPath = "";
			dstSubfolderSpec = 10;
			files = (
				C01E73E523965F0B0040E1EB /* Helpers.framework in Embed Frameworks */,
			);
			name = "Embed Frameworks";
			runOnlyForDeploymentPostprocessing = 0;
		};
		C035165623942D7000586762 /* Embed Frameworks */ = {
			isa = PBXCopyFilesBuildPhase;
			buildActionMask = 2147483647;
			dstPath = "";
			dstSubfolderSpec = 10;
			files = (
				C01E73AF239646920040E1EB /* MVP.framework in Embed Frameworks */,
				C03516D32394F0D700586762 /* Helpers.framework in Embed Frameworks */,
				C035165523942D7000586762 /* Feed.framework in Embed Frameworks */,
				C03516F92394F14900586762 /* MVC.framework in Embed Frameworks */,
			);
			name = "Embed Frameworks";
			runOnlyForDeploymentPostprocessing = 0;
		};
		C03516DD2394F0F800586762 /* Embed Frameworks */ = {
			isa = PBXCopyFilesBuildPhase;
			buildActionMask = 2147483647;
			dstPath = "";
			dstSubfolderSpec = 10;
			files = (
				C03516DC2394F0F800586762 /* Feed.framework in Embed Frameworks */,
			);
			name = "Embed Frameworks";
			runOnlyForDeploymentPostprocessing = 0;
		};
		C035173323952A0E00586762 /* Embed Frameworks */ = {
			isa = PBXCopyFilesBuildPhase;
			buildActionMask = 2147483647;
			dstPath = "";
			dstSubfolderSpec = 10;
			files = (
				C035173023952A0E00586762 /* Helpers.framework in Embed Frameworks */,
			);
			name = "Embed Frameworks";
			runOnlyForDeploymentPostprocessing = 0;
		};
/* End PBXCopyFilesBuildPhase section */

/* Begin PBXFileReference section */
		C01E7399239646920040E1EB /* MVP.framework */ = {isa = PBXFileReference; explicitFileType = wrapper.framework; includeInIndex = 0; path = MVP.framework; sourceTree = BUILT_PRODUCTS_DIR; };
		C01E739C239646920040E1EB /* Info.plist */ = {isa = PBXFileReference; lastKnownFileType = text.plist.xml; path = Info.plist; sourceTree = "<group>"; };
		C01E73A1239646920040E1EB /* MVPTests.xctest */ = {isa = PBXFileReference; explicitFileType = wrapper.cfbundle; includeInIndex = 0; path = MVPTests.xctest; sourceTree = BUILT_PRODUCTS_DIR; };
		C01E73A8239646920040E1EB /* MVPTests.swift */ = {isa = PBXFileReference; lastKnownFileType = sourcecode.swift; path = MVPTests.swift; sourceTree = "<group>"; };
		C01E73AA239646920040E1EB /* Info.plist */ = {isa = PBXFileReference; lastKnownFileType = text.plist.xml; path = Info.plist; sourceTree = "<group>"; };
		C01E73BC23964AAD0040E1EB /* Start.storyboard */ = {isa = PBXFileReference; fileEncoding = 4; lastKnownFileType = file.storyboard; path = Start.storyboard; sourceTree = "<group>"; };
		C01E73BE23964B500040E1EB /* FeedPresenter.swift */ = {isa = PBXFileReference; lastKnownFileType = sourcecode.swift; path = FeedPresenter.swift; sourceTree = "<group>"; };
		C01E73C023964BCE0040E1EB /* FeedImageVIewModel.swift */ = {isa = PBXFileReference; lastKnownFileType = sourcecode.swift; path = FeedImageVIewModel.swift; sourceTree = "<group>"; };
		C01E73C223964BE30040E1EB /* FeedLoadingViewModel.swift */ = {isa = PBXFileReference; lastKnownFileType = sourcecode.swift; path = FeedLoadingViewModel.swift; sourceTree = "<group>"; };
		C01E73C423964BF50040E1EB /* FeedImagePresenter.swift */ = {isa = PBXFileReference; lastKnownFileType = sourcecode.swift; path = FeedImagePresenter.swift; sourceTree = "<group>"; };
		C01E73C623964C160040E1EB /* FeedViewModel.swift */ = {isa = PBXFileReference; lastKnownFileType = sourcecode.swift; path = FeedViewModel.swift; sourceTree = "<group>"; };
		C01E73C8239658620040E1EB /* ErrorView.swift */ = {isa = PBXFileReference; lastKnownFileType = sourcecode.swift; path = ErrorView.swift; sourceTree = "<group>"; };
		C01E73CA239659610040E1EB /* FeedImageCell.swift */ = {isa = PBXFileReference; lastKnownFileType = sourcecode.swift; path = FeedImageCell.swift; sourceTree = "<group>"; };
		C01E73CC239659A20040E1EB /* FeedImageCellController.swift */ = {isa = PBXFileReference; lastKnownFileType = sourcecode.swift; path = FeedImageCellController.swift; sourceTree = "<group>"; };
		C01E73CE23965A150040E1EB /* FeedViewController.swift */ = {isa = PBXFileReference; lastKnownFileType = sourcecode.swift; path = FeedViewController.swift; sourceTree = "<group>"; };
		C01E73D123965A490040E1EB /* UIImageView+Animations.swift */ = {isa = PBXFileReference; lastKnownFileType = sourcecode.swift; path = "UIImageView+Animations.swift"; sourceTree = "<group>"; };
		C01E73D323965A5A0040E1EB /* UITableView+Dequeueing.swift */ = {isa = PBXFileReference; lastKnownFileType = sourcecode.swift; path = "UITableView+Dequeueing.swift"; sourceTree = "<group>"; };
		C01E73D523965A6D0040E1EB /* UITableView+HeaderSizing.swift */ = {isa = PBXFileReference; lastKnownFileType = sourcecode.swift; path = "UITableView+HeaderSizing.swift"; sourceTree = "<group>"; };
		C01E73D723965A7F0040E1EB /* UIView+Shimmering.swift */ = {isa = PBXFileReference; lastKnownFileType = sourcecode.swift; path = "UIView+Shimmering.swift"; sourceTree = "<group>"; };
		C01E73DA23965AAC0040E1EB /* FeedUIComposer.swift */ = {isa = PBXFileReference; lastKnownFileType = sourcecode.swift; path = FeedUIComposer.swift; sourceTree = "<group>"; };
		C01E73DC23965E6F0040E1EB /* FeedViewAdapter.swift */ = {isa = PBXFileReference; lastKnownFileType = sourcecode.swift; path = FeedViewAdapter.swift; sourceTree = "<group>"; };
		C01E73DE23965E910040E1EB /* FeedImageDataLoaderPresentationAdapter.swift */ = {isa = PBXFileReference; lastKnownFileType = sourcecode.swift; path = FeedImageDataLoaderPresentationAdapter.swift; sourceTree = "<group>"; };
		C01E73E023965EA80040E1EB /* FeedLoaderPresentationAdapter.swift */ = {isa = PBXFileReference; lastKnownFileType = sourcecode.swift; path = FeedLoaderPresentationAdapter.swift; sourceTree = "<group>"; };
		C01E73E223965ECB0040E1EB /* WeakRefVirtualProxy.swift */ = {isa = PBXFileReference; lastKnownFileType = sourcecode.swift; path = WeakRefVirtualProxy.swift; sourceTree = "<group>"; };
		C035165323942D7000586762 /* Feed.framework */ = {isa = PBXFileReference; explicitFileType = wrapper.framework; path = Feed.framework; sourceTree = BUILT_PRODUCTS_DIR; };
		C03516662394E8FB00586762 /* MainQueueDispatchDecorator.swift */ = {isa = PBXFileReference; lastKnownFileType = sourcecode.swift; path = MainQueueDispatchDecorator.swift; sourceTree = "<group>"; };
		C03516BD2394F0D700586762 /* Helpers.framework */ = {isa = PBXFileReference; explicitFileType = wrapper.framework; includeInIndex = 0; path = Helpers.framework; sourceTree = BUILT_PRODUCTS_DIR; };
		C03516C02394F0D700586762 /* Info.plist */ = {isa = PBXFileReference; lastKnownFileType = text.plist.xml; path = Info.plist; sourceTree = "<group>"; };
		C03516C52394F0D700586762 /* HelpersTests.xctest */ = {isa = PBXFileReference; explicitFileType = wrapper.cfbundle; includeInIndex = 0; path = HelpersTests.xctest; sourceTree = BUILT_PRODUCTS_DIR; };
		C03516CC2394F0D700586762 /* HelpersTests.swift */ = {isa = PBXFileReference; lastKnownFileType = sourcecode.swift; path = HelpersTests.swift; sourceTree = "<group>"; };
		C03516CE2394F0D700586762 /* Info.plist */ = {isa = PBXFileReference; lastKnownFileType = text.plist.xml; path = Info.plist; sourceTree = "<group>"; };
		C03516DA2394F0F800586762 /* Feed.framework */ = {isa = PBXFileReference; explicitFileType = wrapper.framework; path = Feed.framework; sourceTree = BUILT_PRODUCTS_DIR; };
		C03516E32394F14900586762 /* MVC.framework */ = {isa = PBXFileReference; explicitFileType = wrapper.framework; includeInIndex = 0; path = MVC.framework; sourceTree = BUILT_PRODUCTS_DIR; };
		C03516E62394F14900586762 /* Info.plist */ = {isa = PBXFileReference; lastKnownFileType = text.plist.xml; path = Info.plist; sourceTree = "<group>"; };
		C03516EB2394F14900586762 /* MVCTests.xctest */ = {isa = PBXFileReference; explicitFileType = wrapper.cfbundle; includeInIndex = 0; path = MVCTests.xctest; sourceTree = BUILT_PRODUCTS_DIR; };
		C03516F22394F14900586762 /* MVCTests.swift */ = {isa = PBXFileReference; lastKnownFileType = sourcecode.swift; path = MVCTests.swift; sourceTree = "<group>"; };
		C03516F42394F14900586762 /* Info.plist */ = {isa = PBXFileReference; lastKnownFileType = text.plist.xml; path = Info.plist; sourceTree = "<group>"; };
		C035170D2394F22E00586762 /* Start.storyboard */ = {isa = PBXFileReference; lastKnownFileType = file.storyboard; path = Start.storyboard; sourceTree = "<group>"; };
		C035170F2394F26800586762 /* FeedViewController.swift */ = {isa = PBXFileReference; lastKnownFileType = sourcecode.swift; path = FeedViewController.swift; sourceTree = "<group>"; };
		C03517112394F28A00586762 /* FeedImageCellController.swift */ = {isa = PBXFileReference; lastKnownFileType = sourcecode.swift; path = FeedImageCellController.swift; sourceTree = "<group>"; };
		C03517132394F2CC00586762 /* FeedImageCell.swift */ = {isa = PBXFileReference; lastKnownFileType = sourcecode.swift; path = FeedImageCell.swift; sourceTree = "<group>"; };
		C03517162394F2F700586762 /* UIImageView+Animations.swift */ = {isa = PBXFileReference; lastKnownFileType = sourcecode.swift; path = "UIImageView+Animations.swift"; sourceTree = "<group>"; };
		C03517182394F2FF00586762 /* UITableView+Dequeueing.swift */ = {isa = PBXFileReference; lastKnownFileType = sourcecode.swift; path = "UITableView+Dequeueing.swift"; sourceTree = "<group>"; };
		C035171A2394F30900586762 /* UITableView+HeaderSizing.swift */ = {isa = PBXFileReference; lastKnownFileType = sourcecode.swift; path = "UITableView+HeaderSizing.swift"; sourceTree = "<group>"; };
		C035171C2394F32200586762 /* UIView+Shimmering.swift */ = {isa = PBXFileReference; lastKnownFileType = sourcecode.swift; path = "UIView+Shimmering.swift"; sourceTree = "<group>"; };
		C035171E2394F36B00586762 /* ErrorView.swift */ = {isa = PBXFileReference; lastKnownFileType = sourcecode.swift; path = ErrorView.swift; sourceTree = "<group>"; };
		C035172023951EDB00586762 /* FeedRefreshController.swift */ = {isa = PBXFileReference; lastKnownFileType = sourcecode.swift; path = FeedRefreshController.swift; sourceTree = "<group>"; };
		C0351722239526E400586762 /* FeedUIComposer.swift */ = {isa = PBXFileReference; lastKnownFileType = sourcecode.swift; path = FeedUIComposer.swift; sourceTree = "<group>"; };
		C035172C2395277B00586762 /* Feed.framework */ = {isa = PBXFileReference; explicitFileType = wrapper.framework; path = Feed.framework; sourceTree = BUILT_PRODUCTS_DIR; };
		C04DAE142393E340001D7D77 /* NewsAppiOS.app */ = {isa = PBXFileReference; explicitFileType = wrapper.application; includeInIndex = 0; path = NewsAppiOS.app; sourceTree = BUILT_PRODUCTS_DIR; };
		C04DAE172393E340001D7D77 /* AppDelegate.swift */ = {isa = PBXFileReference; lastKnownFileType = sourcecode.swift; path = AppDelegate.swift; sourceTree = "<group>"; };
		C04DAE192393E340001D7D77 /* SceneDelegate.swift */ = {isa = PBXFileReference; lastKnownFileType = sourcecode.swift; path = SceneDelegate.swift; sourceTree = "<group>"; };
		C04DAE1D2393E342001D7D77 /* Assets.xcassets */ = {isa = PBXFileReference; lastKnownFileType = folder.assetcatalog; path = Assets.xcassets; sourceTree = "<group>"; };
		C04DAE202393E342001D7D77 /* Preview Assets.xcassets */ = {isa = PBXFileReference; lastKnownFileType = folder.assetcatalog; path = "Preview Assets.xcassets"; sourceTree = "<group>"; };
		C04DAE232393E342001D7D77 /* Base */ = {isa = PBXFileReference; lastKnownFileType = file.storyboard; name = Base; path = Base.lproj/LaunchScreen.storyboard; sourceTree = "<group>"; };
		C04DAE252393E342001D7D77 /* Info.plist */ = {isa = PBXFileReference; lastKnownFileType = text.plist.xml; path = Info.plist; sourceTree = "<group>"; };
		C04DAE2A2393E343001D7D77 /* NewsAppiOSTests.xctest */ = {isa = PBXFileReference; explicitFileType = wrapper.cfbundle; includeInIndex = 0; path = NewsAppiOSTests.xctest; sourceTree = BUILT_PRODUCTS_DIR; };
		C04DAE2E2393E343001D7D77 /* NewsAppiOSTests.swift */ = {isa = PBXFileReference; lastKnownFileType = sourcecode.swift; path = NewsAppiOSTests.swift; sourceTree = "<group>"; };
		C04DAE302393E343001D7D77 /* Info.plist */ = {isa = PBXFileReference; lastKnownFileType = text.plist.xml; path = Info.plist; sourceTree = "<group>"; };
/* End PBXFileReference section */

/* Begin PBXFrameworksBuildPhase section */
		C01E7396239646920040E1EB /* Frameworks */ = {
			isa = PBXFrameworksBuildPhase;
			buildActionMask = 2147483647;
			files = (
				C01E73E423965F0B0040E1EB /* Helpers.framework in Frameworks */,
			);
			runOnlyForDeploymentPostprocessing = 0;
		};
		C01E739E239646920040E1EB /* Frameworks */ = {
			isa = PBXFrameworksBuildPhase;
			buildActionMask = 2147483647;
			files = (
				C01E73A2239646920040E1EB /* MVP.framework in Frameworks */,
			);
			runOnlyForDeploymentPostprocessing = 0;
		};
		C03516BA2394F0D700586762 /* Frameworks */ = {
			isa = PBXFrameworksBuildPhase;
			buildActionMask = 2147483647;
			files = (
				C03516DB2394F0F800586762 /* Feed.framework in Frameworks */,
			);
			runOnlyForDeploymentPostprocessing = 0;
		};
		C03516C22394F0D700586762 /* Frameworks */ = {
			isa = PBXFrameworksBuildPhase;
			buildActionMask = 2147483647;
			files = (
				C03516C62394F0D700586762 /* Helpers.framework in Frameworks */,
			);
			runOnlyForDeploymentPostprocessing = 0;
		};
		C03516E02394F14900586762 /* Frameworks */ = {
			isa = PBXFrameworksBuildPhase;
			buildActionMask = 2147483647;
			files = (
				C035172F23952A0E00586762 /* Helpers.framework in Frameworks */,
			);
			runOnlyForDeploymentPostprocessing = 0;
		};
		C03516E82394F14900586762 /* Frameworks */ = {
			isa = PBXFrameworksBuildPhase;
			buildActionMask = 2147483647;
			files = (
				C03516EC2394F14900586762 /* MVC.framework in Frameworks */,
			);
			runOnlyForDeploymentPostprocessing = 0;
		};
		C04DAE112393E340001D7D77 /* Frameworks */ = {
			isa = PBXFrameworksBuildPhase;
			buildActionMask = 2147483647;
			files = (
				C01E73AE239646920040E1EB /* MVP.framework in Frameworks */,
				C03516D22394F0D700586762 /* Helpers.framework in Frameworks */,
				C035165423942D7000586762 /* Feed.framework in Frameworks */,
				C03516F82394F14900586762 /* MVC.framework in Frameworks */,
			);
			runOnlyForDeploymentPostprocessing = 0;
		};
		C04DAE272393E343001D7D77 /* Frameworks */ = {
			isa = PBXFrameworksBuildPhase;
			buildActionMask = 2147483647;
			files = (
			);
			runOnlyForDeploymentPostprocessing = 0;
		};
/* End PBXFrameworksBuildPhase section */

/* Begin PBXGroup section */
		C01E739A239646920040E1EB /* MVP */ = {
			isa = PBXGroup;
			children = (
				C01E73B6239646A30040E1EB /* Source */,
				C01E739C239646920040E1EB /* Info.plist */,
			);
			path = MVP;
			sourceTree = "<group>";
		};
		C01E73A7239646920040E1EB /* MVPTests */ = {
			isa = PBXGroup;
			children = (
				C01E73A8239646920040E1EB /* MVPTests.swift */,
				C01E73AA239646920040E1EB /* Info.plist */,
			);
			path = MVPTests;
			sourceTree = "<group>";
		};
		C01E73B6239646A30040E1EB /* Source */ = {
			isa = PBXGroup;
			children = (
				C01E73D923965A970040E1EB /* Composers */,
				C01E73B7239646A60040E1EB /* FeedPresentation */,
				C01E73B8239646AC0040E1EB /* Feed UI */,
			);
			path = Source;
			sourceTree = "<group>";
		};
		C01E73B7239646A60040E1EB /* FeedPresentation */ = {
			isa = PBXGroup;
			children = (
				C01E73BE23964B500040E1EB /* FeedPresenter.swift */,
				C01E73C423964BF50040E1EB /* FeedImagePresenter.swift */,
				C01E73C023964BCE0040E1EB /* FeedImageVIewModel.swift */,
				C01E73C223964BE30040E1EB /* FeedLoadingViewModel.swift */,
				C01E73C623964C160040E1EB /* FeedViewModel.swift */,
			);
			path = FeedPresentation;
			sourceTree = "<group>";
		};
		C01E73B8239646AC0040E1EB /* Feed UI */ = {
			isa = PBXGroup;
			children = (
				C01E73BB239646BE0040E1EB /* Views */,
				C01E73BA239646B70040E1EB /* Controllers */,
				C01E73B9239646B30040E1EB /* Composers */,
			);
			path = "Feed UI";
			sourceTree = "<group>";
		};
		C01E73B9239646B30040E1EB /* Composers */ = {
			isa = PBXGroup;
			children = (
			);
			path = Composers;
			sourceTree = "<group>";
		};
		C01E73BA239646B70040E1EB /* Controllers */ = {
			isa = PBXGroup;
			children = (
				C01E73CC239659A20040E1EB /* FeedImageCellController.swift */,
				C01E73CE23965A150040E1EB /* FeedViewController.swift */,
			);
			path = Controllers;
			sourceTree = "<group>";
		};
		C01E73BB239646BE0040E1EB /* Views */ = {
			isa = PBXGroup;
			children = (
				C01E73D023965A310040E1EB /* Helpers */,
				C01E73BC23964AAD0040E1EB /* Start.storyboard */,
				C01E73C8239658620040E1EB /* ErrorView.swift */,
				C01E73CA239659610040E1EB /* FeedImageCell.swift */,
			);
			path = Views;
			sourceTree = "<group>";
		};
		C01E73D023965A310040E1EB /* Helpers */ = {
			isa = PBXGroup;
			children = (
				C01E73D123965A490040E1EB /* UIImageView+Animations.swift */,
				C01E73D323965A5A0040E1EB /* UITableView+Dequeueing.swift */,
				C01E73D523965A6D0040E1EB /* UITableView+HeaderSizing.swift */,
				C01E73D723965A7F0040E1EB /* UIView+Shimmering.swift */,
			);
			path = Helpers;
			sourceTree = "<group>";
		};
		C01E73D923965A970040E1EB /* Composers */ = {
			isa = PBXGroup;
			children = (
				C01E73DA23965AAC0040E1EB /* FeedUIComposer.swift */,
				C01E73DC23965E6F0040E1EB /* FeedViewAdapter.swift */,
				C01E73DE23965E910040E1EB /* FeedImageDataLoaderPresentationAdapter.swift */,
				C01E73E023965EA80040E1EB /* FeedLoaderPresentationAdapter.swift */,
				C01E73E223965ECB0040E1EB /* WeakRefVirtualProxy.swift */,
			);
			path = Composers;
			sourceTree = "<group>";
		};
		C035165223942D7000586762 /* Frameworks */ = {
			isa = PBXGroup;
			children = (
				C035172C2395277B00586762 /* Feed.framework */,
				C03516DA2394F0F800586762 /* Feed.framework */,
				C035165323942D7000586762 /* Feed.framework */,
			);
			name = Frameworks;
			sourceTree = "<group>";
		};
		C035166B2394EA3B00586762 /* Application */ = {
			isa = PBXGroup;
			children = (
				C04DAE1F2393E342001D7D77 /* Preview Content */,
				C04DAE172393E340001D7D77 /* AppDelegate.swift */,
				C04DAE192393E340001D7D77 /* SceneDelegate.swift */,
				C04DAE1D2393E342001D7D77 /* Assets.xcassets */,
				C04DAE222393E342001D7D77 /* LaunchScreen.storyboard */,
				C04DAE252393E342001D7D77 /* Info.plist */,
			);
			path = Application;
			sourceTree = "<group>";
		};
		C03516BE2394F0D700586762 /* Helpers */ = {
			isa = PBXGroup;
			children = (
				C03516662394E8FB00586762 /* MainQueueDispatchDecorator.swift */,
				C03516C02394F0D700586762 /* Info.plist */,
			);
			path = Helpers;
			sourceTree = "<group>";
		};
		C03516CB2394F0D700586762 /* HelpersTests */ = {
			isa = PBXGroup;
			children = (
				C03516CC2394F0D700586762 /* HelpersTests.swift */,
				C03516CE2394F0D700586762 /* Info.plist */,
			);
			path = HelpersTests;
			sourceTree = "<group>";
		};
		C03516E42394F14900586762 /* MVC */ = {
			isa = PBXGroup;
			children = (
				C03517052394F15C00586762 /* Source */,
				C03516E62394F14900586762 /* Info.plist */,
			);
			path = MVC;
			sourceTree = "<group>";
		};
		C03516F12394F14900586762 /* MVCTests */ = {
			isa = PBXGroup;
			children = (
				C03516F22394F14900586762 /* MVCTests.swift */,
				C03516F42394F14900586762 /* Info.plist */,
			);
			path = MVCTests;
			sourceTree = "<group>";
		};
		C03517052394F15C00586762 /* Source */ = {
			isa = PBXGroup;
			children = (
				C03517062394F15E00586762 /* Feed Presentation */,
				C03517072394F16400586762 /* Feed UI */,
			);
			path = Source;
			sourceTree = "<group>";
		};
		C03517062394F15E00586762 /* Feed Presentation */ = {
			isa = PBXGroup;
			children = (
			);
			path = "Feed Presentation";
			sourceTree = "<group>";
		};
		C03517072394F16400586762 /* Feed UI */ = {
			isa = PBXGroup;
			children = (
				C035170A2394F17900586762 /* Controllers */,
				C03517092394F17500586762 /* Views */,
				C03517082394F16C00586762 /* Composers */,
			);
			path = "Feed UI";
			sourceTree = "<group>";
		};
		C03517082394F16C00586762 /* Composers */ = {
			isa = PBXGroup;
			children = (
				C0351722239526E400586762 /* FeedUIComposer.swift */,
			);
			path = Composers;
			sourceTree = "<group>";
		};
		C03517092394F17500586762 /* Views */ = {
			isa = PBXGroup;
			children = (
				C03517152394F2E800586762 /* Helpers */,
				C035170D2394F22E00586762 /* Start.storyboard */,
				C03517132394F2CC00586762 /* FeedImageCell.swift */,
				C035171E2394F36B00586762 /* ErrorView.swift */,
			);
			path = Views;
			sourceTree = "<group>";
		};
		C035170A2394F17900586762 /* Controllers */ = {
			isa = PBXGroup;
			children = (
				C035170F2394F26800586762 /* FeedViewController.swift */,
				C03517112394F28A00586762 /* FeedImageCellController.swift */,
				C035172023951EDB00586762 /* FeedRefreshController.swift */,
			);
			path = Controllers;
			sourceTree = "<group>";
		};
		C03517152394F2E800586762 /* Helpers */ = {
			isa = PBXGroup;
			children = (
				C03517162394F2F700586762 /* UIImageView+Animations.swift */,
				C03517182394F2FF00586762 /* UITableView+Dequeueing.swift */,
				C035171A2394F30900586762 /* UITableView+HeaderSizing.swift */,
				C035171C2394F32200586762 /* UIView+Shimmering.swift */,
			);
			path = Helpers;
			sourceTree = "<group>";
		};
		C04DAE0B2393E340001D7D77 = {
			isa = PBXGroup;
			children = (
				C04DAE162393E340001D7D77 /* NewsAppiOS */,
				C04DAE2D2393E343001D7D77 /* NewsAppiOSTests */,
				C03516BE2394F0D700586762 /* Helpers */,
				C03516CB2394F0D700586762 /* HelpersTests */,
				C03516E42394F14900586762 /* MVC */,
				C03516F12394F14900586762 /* MVCTests */,
				C01E739A239646920040E1EB /* MVP */,
				C01E73A7239646920040E1EB /* MVPTests */,
				C04DAE152393E340001D7D77 /* Products */,
				C035165223942D7000586762 /* Frameworks */,
			);
			sourceTree = "<group>";
		};
		C04DAE152393E340001D7D77 /* Products */ = {
			isa = PBXGroup;
			children = (
				C04DAE142393E340001D7D77 /* NewsAppiOS.app */,
				C04DAE2A2393E343001D7D77 /* NewsAppiOSTests.xctest */,
				C03516BD2394F0D700586762 /* Helpers.framework */,
				C03516C52394F0D700586762 /* HelpersTests.xctest */,
				C03516E32394F14900586762 /* MVC.framework */,
				C03516EB2394F14900586762 /* MVCTests.xctest */,
				C01E7399239646920040E1EB /* MVP.framework */,
				C01E73A1239646920040E1EB /* MVPTests.xctest */,
			);
			name = Products;
			sourceTree = "<group>";
		};
		C04DAE162393E340001D7D77 /* NewsAppiOS */ = {
			isa = PBXGroup;
			children = (
				C035166B2394EA3B00586762 /* Application */,
			);
			path = NewsAppiOS;
			sourceTree = "<group>";
		};
		C04DAE1F2393E342001D7D77 /* Preview Content */ = {
			isa = PBXGroup;
			children = (
				C04DAE202393E342001D7D77 /* Preview Assets.xcassets */,
			);
			path = "Preview Content";
			sourceTree = "<group>";
		};
		C04DAE2D2393E343001D7D77 /* NewsAppiOSTests */ = {
			isa = PBXGroup;
			children = (
				C04DAE2E2393E343001D7D77 /* NewsAppiOSTests.swift */,
				C04DAE302393E343001D7D77 /* Info.plist */,
			);
			path = NewsAppiOSTests;
			sourceTree = "<group>";
		};
/* End PBXGroup section */

/* Begin PBXHeadersBuildPhase section */
		C01E7394239646920040E1EB /* Headers */ = {
			isa = PBXHeadersBuildPhase;
			buildActionMask = 2147483647;
			files = (
			);
			runOnlyForDeploymentPostprocessing = 0;
		};
		C03516B82394F0D700586762 /* Headers */ = {
			isa = PBXHeadersBuildPhase;
			buildActionMask = 2147483647;
			files = (
			);
			runOnlyForDeploymentPostprocessing = 0;
		};
		C03516DE2394F14900586762 /* Headers */ = {
			isa = PBXHeadersBuildPhase;
			buildActionMask = 2147483647;
			files = (
			);
			runOnlyForDeploymentPostprocessing = 0;
		};
/* End PBXHeadersBuildPhase section */

/* Begin PBXNativeTarget section */
		C01E7398239646920040E1EB /* MVP */ = {
			isa = PBXNativeTarget;
			buildConfigurationList = C01E73B4239646920040E1EB /* Build configuration list for PBXNativeTarget "MVP" */;
			buildPhases = (
				C01E7394239646920040E1EB /* Headers */,
				C01E7395239646920040E1EB /* Sources */,
				C01E7396239646920040E1EB /* Frameworks */,
				C01E7397239646920040E1EB /* Resources */,
				C01E73E823965F0B0040E1EB /* Embed Frameworks */,
			);
			buildRules = (
			);
			dependencies = (
				C01E73E723965F0B0040E1EB /* PBXTargetDependency */,
			);
			name = MVP;
			productName = MVP;
			productReference = C01E7399239646920040E1EB /* MVP.framework */;
			productType = "com.apple.product-type.framework";
		};
		C01E73A0239646920040E1EB /* MVPTests */ = {
			isa = PBXNativeTarget;
			buildConfigurationList = C01E73B5239646920040E1EB /* Build configuration list for PBXNativeTarget "MVPTests" */;
			buildPhases = (
				C01E739D239646920040E1EB /* Sources */,
				C01E739E239646920040E1EB /* Frameworks */,
				C01E739F239646920040E1EB /* Resources */,
			);
			buildRules = (
			);
			dependencies = (
				C01E73A4239646920040E1EB /* PBXTargetDependency */,
				C01E73A6239646920040E1EB /* PBXTargetDependency */,
			);
			name = MVPTests;
			productName = MVPTests;
			productReference = C01E73A1239646920040E1EB /* MVPTests.xctest */;
			productType = "com.apple.product-type.bundle.unit-test";
		};
		C03516BC2394F0D700586762 /* Helpers */ = {
			isa = PBXNativeTarget;
			buildConfigurationList = C03516D42394F0D700586762 /* Build configuration list for PBXNativeTarget "Helpers" */;
			buildPhases = (
				C03516B82394F0D700586762 /* Headers */,
				C03516B92394F0D700586762 /* Sources */,
				C03516BA2394F0D700586762 /* Frameworks */,
				C03516BB2394F0D700586762 /* Resources */,
				C03516DD2394F0F800586762 /* Embed Frameworks */,
			);
			buildRules = (
			);
			dependencies = (
			);
			name = Helpers;
			productName = Helpers;
			productReference = C03516BD2394F0D700586762 /* Helpers.framework */;
			productType = "com.apple.product-type.framework";
		};
		C03516C42394F0D700586762 /* HelpersTests */ = {
			isa = PBXNativeTarget;
			buildConfigurationList = C03516D72394F0D700586762 /* Build configuration list for PBXNativeTarget "HelpersTests" */;
			buildPhases = (
				C03516C12394F0D700586762 /* Sources */,
				C03516C22394F0D700586762 /* Frameworks */,
				C03516C32394F0D700586762 /* Resources */,
			);
			buildRules = (
			);
			dependencies = (
				C03516C82394F0D700586762 /* PBXTargetDependency */,
				C03516CA2394F0D700586762 /* PBXTargetDependency */,
			);
			name = HelpersTests;
			productName = HelpersTests;
			productReference = C03516C52394F0D700586762 /* HelpersTests.xctest */;
			productType = "com.apple.product-type.bundle.unit-test";
		};
		C03516E22394F14900586762 /* MVC */ = {
			isa = PBXNativeTarget;
			buildConfigurationList = C03516FA2394F14900586762 /* Build configuration list for PBXNativeTarget "MVC" */;
			buildPhases = (
				C03516DE2394F14900586762 /* Headers */,
				C03516DF2394F14900586762 /* Sources */,
				C03516E02394F14900586762 /* Frameworks */,
				C03516E12394F14900586762 /* Resources */,
				C035173323952A0E00586762 /* Embed Frameworks */,
			);
			buildRules = (
			);
			dependencies = (
				C035172A2395276900586762 /* PBXTargetDependency */,
				C035173223952A0E00586762 /* PBXTargetDependency */,
			);
			name = MVC;
			productName = MVC;
			productReference = C03516E32394F14900586762 /* MVC.framework */;
			productType = "com.apple.product-type.framework";
		};
		C03516EA2394F14900586762 /* MVCTests */ = {
			isa = PBXNativeTarget;
			buildConfigurationList = C03516FD2394F14900586762 /* Build configuration list for PBXNativeTarget "MVCTests" */;
			buildPhases = (
				C03516E72394F14900586762 /* Sources */,
				C03516E82394F14900586762 /* Frameworks */,
				C03516E92394F14900586762 /* Resources */,
			);
			buildRules = (
			);
			dependencies = (
				C03516EE2394F14900586762 /* PBXTargetDependency */,
				C03516F02394F14900586762 /* PBXTargetDependency */,
			);
			name = MVCTests;
			productName = MVCTests;
			productReference = C03516EB2394F14900586762 /* MVCTests.xctest */;
			productType = "com.apple.product-type.bundle.unit-test";
		};
		C04DAE132393E340001D7D77 /* NewsAppiOS */ = {
			isa = PBXNativeTarget;
			buildConfigurationList = C04DAE332393E343001D7D77 /* Build configuration list for PBXNativeTarget "NewsAppiOS" */;
			buildPhases = (
				C04DAE102393E340001D7D77 /* Sources */,
				C04DAE112393E340001D7D77 /* Frameworks */,
				C04DAE122393E340001D7D77 /* Resources */,
				C035165623942D7000586762 /* Embed Frameworks */,
			);
			buildRules = (
			);
			dependencies = (
				C03516D12394F0D700586762 /* PBXTargetDependency */,
				C03516F72394F14900586762 /* PBXTargetDependency */,
				C01E73AD239646920040E1EB /* PBXTargetDependency */,
			);
			name = NewsAppiOS;
			productName = NewsAppiOS;
			productReference = C04DAE142393E340001D7D77 /* NewsAppiOS.app */;
			productType = "com.apple.product-type.application";
		};
		C04DAE292393E343001D7D77 /* NewsAppiOSTests */ = {
			isa = PBXNativeTarget;
			buildConfigurationList = C04DAE362393E343001D7D77 /* Build configuration list for PBXNativeTarget "NewsAppiOSTests" */;
			buildPhases = (
				C04DAE262393E343001D7D77 /* Sources */,
				C04DAE272393E343001D7D77 /* Frameworks */,
				C04DAE282393E343001D7D77 /* Resources */,
			);
			buildRules = (
			);
			dependencies = (
				C04DAE2C2393E343001D7D77 /* PBXTargetDependency */,
			);
			name = NewsAppiOSTests;
			productName = NewsAppiOSTests;
			productReference = C04DAE2A2393E343001D7D77 /* NewsAppiOSTests.xctest */;
			productType = "com.apple.product-type.bundle.unit-test";
		};
/* End PBXNativeTarget section */

/* Begin PBXProject section */
		C04DAE0C2393E340001D7D77 /* Project object */ = {
			isa = PBXProject;
			attributes = {
				LastSwiftUpdateCheck = 1120;
				LastUpgradeCheck = 1120;
				ORGANIZATIONNAME = "Stas Lee";
				TargetAttributes = {
					C01E7398239646920040E1EB = {
						CreatedOnToolsVersion = 11.2.1;
						LastSwiftMigration = 1120;
					};
					C01E73A0239646920040E1EB = {
						CreatedOnToolsVersion = 11.2.1;
						TestTargetID = C04DAE132393E340001D7D77;
					};
					C03516BC2394F0D700586762 = {
						CreatedOnToolsVersion = 11.2.1;
					};
					C03516C42394F0D700586762 = {
						CreatedOnToolsVersion = 11.2.1;
						TestTargetID = C04DAE132393E340001D7D77;
					};
					C03516E22394F14900586762 = {
						CreatedOnToolsVersion = 11.2.1;
						LastSwiftMigration = 1120;
					};
					C03516EA2394F14900586762 = {
						CreatedOnToolsVersion = 11.2.1;
						TestTargetID = C04DAE132393E340001D7D77;
					};
					C04DAE132393E340001D7D77 = {
						CreatedOnToolsVersion = 11.2.1;
					};
					C04DAE292393E343001D7D77 = {
						CreatedOnToolsVersion = 11.2.1;
						TestTargetID = C04DAE132393E340001D7D77;
					};
				};
			};
			buildConfigurationList = C04DAE0F2393E340001D7D77 /* Build configuration list for PBXProject "NewsAppiOS" */;
			compatibilityVersion = "Xcode 9.3";
			developmentRegion = en;
			hasScannedForEncodings = 0;
			knownRegions = (
				en,
				Base,
			);
			mainGroup = C04DAE0B2393E340001D7D77;
			productRefGroup = C04DAE152393E340001D7D77 /* Products */;
			projectDirPath = "";
			projectRoot = "";
			targets = (
				C04DAE132393E340001D7D77 /* NewsAppiOS */,
				C04DAE292393E343001D7D77 /* NewsAppiOSTests */,
				C03516BC2394F0D700586762 /* Helpers */,
				C03516C42394F0D700586762 /* HelpersTests */,
				C03516E22394F14900586762 /* MVC */,
				C03516EA2394F14900586762 /* MVCTests */,
				C01E7398239646920040E1EB /* MVP */,
				C01E73A0239646920040E1EB /* MVPTests */,
			);
		};
/* End PBXProject section */

/* Begin PBXResourcesBuildPhase section */
		C01E7397239646920040E1EB /* Resources */ = {
			isa = PBXResourcesBuildPhase;
			buildActionMask = 2147483647;
			files = (
				C01E73BD23964AAD0040E1EB /* Start.storyboard in Resources */,
			);
			runOnlyForDeploymentPostprocessing = 0;
		};
		C01E739F239646920040E1EB /* Resources */ = {
			isa = PBXResourcesBuildPhase;
			buildActionMask = 2147483647;
			files = (
			);
			runOnlyForDeploymentPostprocessing = 0;
		};
		C03516BB2394F0D700586762 /* Resources */ = {
			isa = PBXResourcesBuildPhase;
			buildActionMask = 2147483647;
			files = (
			);
			runOnlyForDeploymentPostprocessing = 0;
		};
		C03516C32394F0D700586762 /* Resources */ = {
			isa = PBXResourcesBuildPhase;
			buildActionMask = 2147483647;
			files = (
			);
			runOnlyForDeploymentPostprocessing = 0;
		};
		C03516E12394F14900586762 /* Resources */ = {
			isa = PBXResourcesBuildPhase;
			buildActionMask = 2147483647;
			files = (
				C035170E2394F22E00586762 /* Start.storyboard in Resources */,
			);
			runOnlyForDeploymentPostprocessing = 0;
		};
		C03516E92394F14900586762 /* Resources */ = {
			isa = PBXResourcesBuildPhase;
			buildActionMask = 2147483647;
			files = (
			);
			runOnlyForDeploymentPostprocessing = 0;
		};
		C04DAE122393E340001D7D77 /* Resources */ = {
			isa = PBXResourcesBuildPhase;
			buildActionMask = 2147483647;
			files = (
				C04DAE242393E342001D7D77 /* LaunchScreen.storyboard in Resources */,
				C04DAE212393E342001D7D77 /* Preview Assets.xcassets in Resources */,
				C04DAE1E2393E342001D7D77 /* Assets.xcassets in Resources */,
			);
			runOnlyForDeploymentPostprocessing = 0;
		};
		C04DAE282393E343001D7D77 /* Resources */ = {
			isa = PBXResourcesBuildPhase;
			buildActionMask = 2147483647;
			files = (
			);
			runOnlyForDeploymentPostprocessing = 0;
		};
/* End PBXResourcesBuildPhase section */

/* Begin PBXSourcesBuildPhase section */
		C01E7395239646920040E1EB /* Sources */ = {
			isa = PBXSourcesBuildPhase;
			buildActionMask = 2147483647;
			files = (
				C01E73CB239659610040E1EB /* FeedImageCell.swift in Sources */,
				C01E73CF23965A150040E1EB /* FeedViewController.swift in Sources */,
				C01E73C723964C160040E1EB /* FeedViewModel.swift in Sources */,
				C01E73D223965A490040E1EB /* UIImageView+Animations.swift in Sources */,
				C01E73DD23965E6F0040E1EB /* FeedViewAdapter.swift in Sources */,
				C01E73D823965A7F0040E1EB /* UIView+Shimmering.swift in Sources */,
				C01E73E123965EA80040E1EB /* FeedLoaderPresentationAdapter.swift in Sources */,
				C01E73C9239658630040E1EB /* ErrorView.swift in Sources */,
				C01E73CD239659A20040E1EB /* FeedImageCellController.swift in Sources */,
				C01E73D623965A6D0040E1EB /* UITableView+HeaderSizing.swift in Sources */,
				C01E73C123964BCE0040E1EB /* FeedImageVIewModel.swift in Sources */,
				C01E73D423965A5A0040E1EB /* UITableView+Dequeueing.swift in Sources */,
				C01E73C323964BE30040E1EB /* FeedLoadingViewModel.swift in Sources */,
				C01E73DF23965E910040E1EB /* FeedImageDataLoaderPresentationAdapter.swift in Sources */,
				C01E73C523964BF50040E1EB /* FeedImagePresenter.swift in Sources */,
				C01E73BF23964B500040E1EB /* FeedPresenter.swift in Sources */,
				C01E73E323965ECB0040E1EB /* WeakRefVirtualProxy.swift in Sources */,
				C01E73DB23965AAC0040E1EB /* FeedUIComposer.swift in Sources */,
			);
			runOnlyForDeploymentPostprocessing = 0;
		};
		C01E739D239646920040E1EB /* Sources */ = {
			isa = PBXSourcesBuildPhase;
			buildActionMask = 2147483647;
			files = (
				C01E73A9239646920040E1EB /* MVPTests.swift in Sources */,
			);
			runOnlyForDeploymentPostprocessing = 0;
		};
		C03516B92394F0D700586762 /* Sources */ = {
			isa = PBXSourcesBuildPhase;
			buildActionMask = 2147483647;
			files = (
				C035173523952AB400586762 /* MainQueueDispatchDecorator.swift in Sources */,
			);
			runOnlyForDeploymentPostprocessing = 0;
		};
		C03516C12394F0D700586762 /* Sources */ = {
			isa = PBXSourcesBuildPhase;
			buildActionMask = 2147483647;
			files = (
				C03516CD2394F0D700586762 /* HelpersTests.swift in Sources */,
			);
			runOnlyForDeploymentPostprocessing = 0;
		};
		C03516DF2394F14900586762 /* Sources */ = {
			isa = PBXSourcesBuildPhase;
			buildActionMask = 2147483647;
			files = (
				C035173423952AA600586762 /* MainQueueDispatchDecorator.swift in Sources */,
				C035171B2394F30900586762 /* UITableView+HeaderSizing.swift in Sources */,
				C03517102394F26800586762 /* FeedViewController.swift in Sources */,
				C03517172394F2F700586762 /* UIImageView+Animations.swift in Sources */,
				C035171D2394F32200586762 /* UIView+Shimmering.swift in Sources */,
				C03517142394F2CC00586762 /* FeedImageCell.swift in Sources */,
				C03517192394F2FF00586762 /* UITableView+Dequeueing.swift in Sources */,
				C03517122394F28A00586762 /* FeedImageCellController.swift in Sources */,
				C035171F2394F36B00586762 /* ErrorView.swift in Sources */,
				C035172123951EDB00586762 /* FeedRefreshController.swift in Sources */,
				C0351723239526E400586762 /* FeedUIComposer.swift in Sources */,
			);
			runOnlyForDeploymentPostprocessing = 0;
		};
		C03516E72394F14900586762 /* Sources */ = {
			isa = PBXSourcesBuildPhase;
			buildActionMask = 2147483647;
			files = (
				C03516F32394F14900586762 /* MVCTests.swift in Sources */,
			);
			runOnlyForDeploymentPostprocessing = 0;
		};
		C04DAE102393E340001D7D77 /* Sources */ = {
			isa = PBXSourcesBuildPhase;
			buildActionMask = 2147483647;
			files = (
				C04DAE182393E340001D7D77 /* AppDelegate.swift in Sources */,
				C03516672394E8FB00586762 /* MainQueueDispatchDecorator.swift in Sources */,
				C04DAE1A2393E340001D7D77 /* SceneDelegate.swift in Sources */,
			);
			runOnlyForDeploymentPostprocessing = 0;
		};
		C04DAE262393E343001D7D77 /* Sources */ = {
			isa = PBXSourcesBuildPhase;
			buildActionMask = 2147483647;
			files = (
				C04DAE2F2393E343001D7D77 /* NewsAppiOSTests.swift in Sources */,
			);
			runOnlyForDeploymentPostprocessing = 0;
		};
/* End PBXSourcesBuildPhase section */

/* Begin PBXTargetDependency section */
		C01E73A4239646920040E1EB /* PBXTargetDependency */ = {
			isa = PBXTargetDependency;
			target = C01E7398239646920040E1EB /* MVP */;
			targetProxy = C01E73A3239646920040E1EB /* PBXContainerItemProxy */;
		};
		C01E73A6239646920040E1EB /* PBXTargetDependency */ = {
			isa = PBXTargetDependency;
			target = C04DAE132393E340001D7D77 /* NewsAppiOS */;
			targetProxy = C01E73A5239646920040E1EB /* PBXContainerItemProxy */;
		};
		C01E73AD239646920040E1EB /* PBXTargetDependency */ = {
			isa = PBXTargetDependency;
			target = C01E7398239646920040E1EB /* MVP */;
			targetProxy = C01E73AC239646920040E1EB /* PBXContainerItemProxy */;
		};
		C01E73E723965F0B0040E1EB /* PBXTargetDependency */ = {
			isa = PBXTargetDependency;
			target = C03516BC2394F0D700586762 /* Helpers */;
			targetProxy = C01E73E623965F0B0040E1EB /* PBXContainerItemProxy */;
		};
		C03516C82394F0D700586762 /* PBXTargetDependency */ = {
			isa = PBXTargetDependency;
			target = C03516BC2394F0D700586762 /* Helpers */;
			targetProxy = C03516C72394F0D700586762 /* PBXContainerItemProxy */;
		};
		C03516CA2394F0D700586762 /* PBXTargetDependency */ = {
			isa = PBXTargetDependency;
			target = C04DAE132393E340001D7D77 /* NewsAppiOS */;
			targetProxy = C03516C92394F0D700586762 /* PBXContainerItemProxy */;
		};
		C03516D12394F0D700586762 /* PBXTargetDependency */ = {
			isa = PBXTargetDependency;
			target = C03516BC2394F0D700586762 /* Helpers */;
			targetProxy = C03516D02394F0D700586762 /* PBXContainerItemProxy */;
		};
		C03516EE2394F14900586762 /* PBXTargetDependency */ = {
			isa = PBXTargetDependency;
			target = C03516E22394F14900586762 /* MVC */;
			targetProxy = C03516ED2394F14900586762 /* PBXContainerItemProxy */;
		};
		C03516F02394F14900586762 /* PBXTargetDependency */ = {
			isa = PBXTargetDependency;
			target = C04DAE132393E340001D7D77 /* NewsAppiOS */;
			targetProxy = C03516EF2394F14900586762 /* PBXContainerItemProxy */;
		};
		C03516F72394F14900586762 /* PBXTargetDependency */ = {
			isa = PBXTargetDependency;
			target = C03516E22394F14900586762 /* MVC */;
			targetProxy = C03516F62394F14900586762 /* PBXContainerItemProxy */;
		};
		C035172A2395276900586762 /* PBXTargetDependency */ = {
			isa = PBXTargetDependency;
			target = C03516BC2394F0D700586762 /* Helpers */;
			targetProxy = C03517292395276900586762 /* PBXContainerItemProxy */;
		};
		C035173223952A0E00586762 /* PBXTargetDependency */ = {
			isa = PBXTargetDependency;
			target = C03516BC2394F0D700586762 /* Helpers */;
			targetProxy = C035173123952A0E00586762 /* PBXContainerItemProxy */;
		};
		C04DAE2C2393E343001D7D77 /* PBXTargetDependency */ = {
			isa = PBXTargetDependency;
			target = C04DAE132393E340001D7D77 /* NewsAppiOS */;
			targetProxy = C04DAE2B2393E343001D7D77 /* PBXContainerItemProxy */;
		};
/* End PBXTargetDependency section */

/* Begin PBXVariantGroup section */
		C04DAE222393E342001D7D77 /* LaunchScreen.storyboard */ = {
			isa = PBXVariantGroup;
			children = (
				C04DAE232393E342001D7D77 /* Base */,
			);
			name = LaunchScreen.storyboard;
			sourceTree = "<group>";
		};
/* End PBXVariantGroup section */

/* Begin XCBuildConfiguration section */
		C01E73B0239646920040E1EB /* Debug */ = {
			isa = XCBuildConfiguration;
			buildSettings = {
				CLANG_ENABLE_MODULES = YES;
				CODE_SIGN_STYLE = Automatic;
				CURRENT_PROJECT_VERSION = 1;
				DEFINES_MODULE = YES;
				DEVELOPMENT_TEAM = K527BQ6P4G;
				DYLIB_COMPATIBILITY_VERSION = 1;
				DYLIB_CURRENT_VERSION = 1;
				DYLIB_INSTALL_NAME_BASE = "@rpath";
				INFOPLIST_FILE = MVP/Info.plist;
				INSTALL_PATH = "$(LOCAL_LIBRARY_DIR)/Frameworks";
				LD_RUNPATH_SEARCH_PATHS = (
					"$(inherited)",
					"@executable_path/Frameworks",
					"@loader_path/Frameworks",
				);
				PRODUCT_BUNDLE_IDENTIFIER = com.codenight.MVP;
				PRODUCT_NAME = "$(TARGET_NAME:c99extidentifier)";
				SKIP_INSTALL = YES;
				SWIFT_OPTIMIZATION_LEVEL = "-Onone";
				SWIFT_VERSION = 5.0;
				TARGETED_DEVICE_FAMILY = "1,2";
				VERSIONING_SYSTEM = "apple-generic";
				VERSION_INFO_PREFIX = "";
			};
			name = Debug;
		};
		C01E73B1239646920040E1EB /* Release */ = {
			isa = XCBuildConfiguration;
			buildSettings = {
				CLANG_ENABLE_MODULES = YES;
				CODE_SIGN_STYLE = Automatic;
				CURRENT_PROJECT_VERSION = 1;
				DEFINES_MODULE = YES;
				DEVELOPMENT_TEAM = K527BQ6P4G;
				DYLIB_COMPATIBILITY_VERSION = 1;
				DYLIB_CURRENT_VERSION = 1;
				DYLIB_INSTALL_NAME_BASE = "@rpath";
				INFOPLIST_FILE = MVP/Info.plist;
				INSTALL_PATH = "$(LOCAL_LIBRARY_DIR)/Frameworks";
				LD_RUNPATH_SEARCH_PATHS = (
					"$(inherited)",
					"@executable_path/Frameworks",
					"@loader_path/Frameworks",
				);
				PRODUCT_BUNDLE_IDENTIFIER = com.codenight.MVP;
				PRODUCT_NAME = "$(TARGET_NAME:c99extidentifier)";
				SKIP_INSTALL = YES;
				SWIFT_VERSION = 5.0;
				TARGETED_DEVICE_FAMILY = "1,2";
				VERSIONING_SYSTEM = "apple-generic";
				VERSION_INFO_PREFIX = "";
			};
			name = Release;
		};
		C01E73B2239646920040E1EB /* Debug */ = {
			isa = XCBuildConfiguration;
			buildSettings = {
				ALWAYS_EMBED_SWIFT_STANDARD_LIBRARIES = YES;
				CODE_SIGN_STYLE = Automatic;
				DEVELOPMENT_TEAM = K527BQ6P4G;
				INFOPLIST_FILE = MVPTests/Info.plist;
				LD_RUNPATH_SEARCH_PATHS = (
					"$(inherited)",
					"@executable_path/Frameworks",
					"@loader_path/Frameworks",
				);
				PRODUCT_BUNDLE_IDENTIFIER = com.codenight.MVPTests;
				PRODUCT_NAME = "$(TARGET_NAME)";
				SWIFT_VERSION = 5.0;
				TARGETED_DEVICE_FAMILY = "1,2";
				TEST_HOST = "$(BUILT_PRODUCTS_DIR)/NewsAppiOS.app/NewsAppiOS";
			};
			name = Debug;
		};
		C01E73B3239646920040E1EB /* Release */ = {
			isa = XCBuildConfiguration;
			buildSettings = {
				ALWAYS_EMBED_SWIFT_STANDARD_LIBRARIES = YES;
				CODE_SIGN_STYLE = Automatic;
				DEVELOPMENT_TEAM = K527BQ6P4G;
				INFOPLIST_FILE = MVPTests/Info.plist;
				LD_RUNPATH_SEARCH_PATHS = (
					"$(inherited)",
					"@executable_path/Frameworks",
					"@loader_path/Frameworks",
				);
				PRODUCT_BUNDLE_IDENTIFIER = com.codenight.MVPTests;
				PRODUCT_NAME = "$(TARGET_NAME)";
				SWIFT_VERSION = 5.0;
				TARGETED_DEVICE_FAMILY = "1,2";
				TEST_HOST = "$(BUILT_PRODUCTS_DIR)/NewsAppiOS.app/NewsAppiOS";
			};
			name = Release;
		};
		C03516D52394F0D700586762 /* Debug */ = {
			isa = XCBuildConfiguration;
			buildSettings = {
				CODE_SIGN_STYLE = Automatic;
				CURRENT_PROJECT_VERSION = 1;
				DEFINES_MODULE = YES;
				DERIVE_MACCATALYST_PRODUCT_BUNDLE_IDENTIFIER = NO;
				DEVELOPMENT_TEAM = K527BQ6P4G;
				DYLIB_COMPATIBILITY_VERSION = 1;
				DYLIB_CURRENT_VERSION = 1;
				DYLIB_INSTALL_NAME_BASE = "@rpath";
				INFOPLIST_FILE = Helpers/Info.plist;
				INSTALL_PATH = "$(LOCAL_LIBRARY_DIR)/Frameworks";
				LD_RUNPATH_SEARCH_PATHS = (
					"$(inherited)",
					"@executable_path/Frameworks",
					"@loader_path/Frameworks",
				);
				PRODUCT_BUNDLE_IDENTIFIER = com.codenight.Helpers;
				PRODUCT_NAME = "$(TARGET_NAME:c99extidentifier)";
				SKIP_INSTALL = YES;
				SUPPORTS_MACCATALYST = NO;
				SWIFT_VERSION = 5.0;
				TARGETED_DEVICE_FAMILY = "1,2";
				VERSIONING_SYSTEM = "apple-generic";
				VERSION_INFO_PREFIX = "";
			};
			name = Debug;
		};
		C03516D62394F0D700586762 /* Release */ = {
			isa = XCBuildConfiguration;
			buildSettings = {
				CODE_SIGN_STYLE = Automatic;
				CURRENT_PROJECT_VERSION = 1;
				DEFINES_MODULE = YES;
				DERIVE_MACCATALYST_PRODUCT_BUNDLE_IDENTIFIER = NO;
				DEVELOPMENT_TEAM = K527BQ6P4G;
				DYLIB_COMPATIBILITY_VERSION = 1;
				DYLIB_CURRENT_VERSION = 1;
				DYLIB_INSTALL_NAME_BASE = "@rpath";
				INFOPLIST_FILE = Helpers/Info.plist;
				INSTALL_PATH = "$(LOCAL_LIBRARY_DIR)/Frameworks";
				LD_RUNPATH_SEARCH_PATHS = (
					"$(inherited)",
					"@executable_path/Frameworks",
					"@loader_path/Frameworks",
				);
				PRODUCT_BUNDLE_IDENTIFIER = com.codenight.Helpers;
				PRODUCT_NAME = "$(TARGET_NAME:c99extidentifier)";
				SKIP_INSTALL = YES;
				SUPPORTS_MACCATALYST = NO;
				SWIFT_VERSION = 5.0;
				TARGETED_DEVICE_FAMILY = "1,2";
				VERSIONING_SYSTEM = "apple-generic";
				VERSION_INFO_PREFIX = "";
			};
			name = Release;
		};
		C03516D82394F0D700586762 /* Debug */ = {
			isa = XCBuildConfiguration;
			buildSettings = {
				ALWAYS_EMBED_SWIFT_STANDARD_LIBRARIES = YES;
				CODE_SIGN_STYLE = Automatic;
				DEVELOPMENT_TEAM = K527BQ6P4G;
				INFOPLIST_FILE = HelpersTests/Info.plist;
				LD_RUNPATH_SEARCH_PATHS = (
					"$(inherited)",
					"@executable_path/Frameworks",
					"@loader_path/Frameworks",
				);
				PRODUCT_BUNDLE_IDENTIFIER = com.codenight.HelpersTests;
				PRODUCT_NAME = "$(TARGET_NAME)";
				SWIFT_VERSION = 5.0;
				TARGETED_DEVICE_FAMILY = "1,2";
				TEST_HOST = "$(BUILT_PRODUCTS_DIR)/NewsAppiOS.app/NewsAppiOS";
			};
			name = Debug;
		};
		C03516D92394F0D700586762 /* Release */ = {
			isa = XCBuildConfiguration;
			buildSettings = {
				ALWAYS_EMBED_SWIFT_STANDARD_LIBRARIES = YES;
				CODE_SIGN_STYLE = Automatic;
				DEVELOPMENT_TEAM = K527BQ6P4G;
				INFOPLIST_FILE = HelpersTests/Info.plist;
				LD_RUNPATH_SEARCH_PATHS = (
					"$(inherited)",
					"@executable_path/Frameworks",
					"@loader_path/Frameworks",
				);
				PRODUCT_BUNDLE_IDENTIFIER = com.codenight.HelpersTests;
				PRODUCT_NAME = "$(TARGET_NAME)";
				SWIFT_VERSION = 5.0;
				TARGETED_DEVICE_FAMILY = "1,2";
				TEST_HOST = "$(BUILT_PRODUCTS_DIR)/NewsAppiOS.app/NewsAppiOS";
			};
			name = Release;
		};
		C03516FB2394F14900586762 /* Debug */ = {
			isa = XCBuildConfiguration;
			buildSettings = {
				CLANG_ENABLE_MODULES = YES;
				CODE_SIGN_STYLE = Automatic;
				CURRENT_PROJECT_VERSION = 1;
				DEFINES_MODULE = YES;
				DEVELOPMENT_TEAM = K527BQ6P4G;
				DYLIB_COMPATIBILITY_VERSION = 1;
				DYLIB_CURRENT_VERSION = 1;
				DYLIB_INSTALL_NAME_BASE = "@rpath";
				INFOPLIST_FILE = MVC/Info.plist;
				INSTALL_PATH = "$(LOCAL_LIBRARY_DIR)/Frameworks";
				LD_RUNPATH_SEARCH_PATHS = (
					"$(inherited)",
					"@executable_path/Frameworks",
					"@loader_path/Frameworks",
				);
				PRODUCT_BUNDLE_IDENTIFIER = com.codenight.MVC;
				PRODUCT_NAME = "$(TARGET_NAME:c99extidentifier)";
				SKIP_INSTALL = YES;
				SWIFT_OPTIMIZATION_LEVEL = "-Onone";
				SWIFT_VERSION = 5.0;
				SYSTEM_FRAMEWORK_SEARCH_PATHS = (
					"$(SRCROOT)/**",
					"$(SRCROOT)",
				);
				TARGETED_DEVICE_FAMILY = "1,2";
				VERSIONING_SYSTEM = "apple-generic";
				VERSION_INFO_PREFIX = "";
			};
			name = Debug;
		};
		C03516FC2394F14900586762 /* Release */ = {
			isa = XCBuildConfiguration;
			buildSettings = {
				CLANG_ENABLE_MODULES = YES;
				CODE_SIGN_STYLE = Automatic;
				CURRENT_PROJECT_VERSION = 1;
				DEFINES_MODULE = YES;
				DEVELOPMENT_TEAM = K527BQ6P4G;
				DYLIB_COMPATIBILITY_VERSION = 1;
				DYLIB_CURRENT_VERSION = 1;
				DYLIB_INSTALL_NAME_BASE = "@rpath";
				INFOPLIST_FILE = MVC/Info.plist;
				INSTALL_PATH = "$(LOCAL_LIBRARY_DIR)/Frameworks";
				LD_RUNPATH_SEARCH_PATHS = (
					"$(inherited)",
					"@executable_path/Frameworks",
					"@loader_path/Frameworks",
				);
				PRODUCT_BUNDLE_IDENTIFIER = com.codenight.MVC;
				PRODUCT_NAME = "$(TARGET_NAME:c99extidentifier)";
				SKIP_INSTALL = YES;
				SWIFT_VERSION = 5.0;
				SYSTEM_FRAMEWORK_SEARCH_PATHS = (
					"$(SRCROOT)/**",
					"$(SRCROOT)",
				);
				TARGETED_DEVICE_FAMILY = "1,2";
				VERSIONING_SYSTEM = "apple-generic";
				VERSION_INFO_PREFIX = "";
			};
			name = Release;
		};
		C03516FE2394F14900586762 /* Debug */ = {
			isa = XCBuildConfiguration;
			buildSettings = {
				ALWAYS_EMBED_SWIFT_STANDARD_LIBRARIES = YES;
				CODE_SIGN_STYLE = Automatic;
				DEVELOPMENT_TEAM = K527BQ6P4G;
				INFOPLIST_FILE = MVCTests/Info.plist;
				LD_RUNPATH_SEARCH_PATHS = (
					"$(inherited)",
					"@executable_path/Frameworks",
					"@loader_path/Frameworks",
				);
				PRODUCT_BUNDLE_IDENTIFIER = com.codenight.MVCTests;
				PRODUCT_NAME = "$(TARGET_NAME)";
				SWIFT_VERSION = 5.0;
				TARGETED_DEVICE_FAMILY = "1,2";
				TEST_HOST = "$(BUILT_PRODUCTS_DIR)/NewsAppiOS.app/NewsAppiOS";
			};
			name = Debug;
		};
		C03516FF2394F14900586762 /* Release */ = {
			isa = XCBuildConfiguration;
			buildSettings = {
				ALWAYS_EMBED_SWIFT_STANDARD_LIBRARIES = YES;
				CODE_SIGN_STYLE = Automatic;
				DEVELOPMENT_TEAM = K527BQ6P4G;
				INFOPLIST_FILE = MVCTests/Info.plist;
				LD_RUNPATH_SEARCH_PATHS = (
					"$(inherited)",
					"@executable_path/Frameworks",
					"@loader_path/Frameworks",
				);
				PRODUCT_BUNDLE_IDENTIFIER = com.codenight.MVCTests;
				PRODUCT_NAME = "$(TARGET_NAME)";
				SWIFT_VERSION = 5.0;
				TARGETED_DEVICE_FAMILY = "1,2";
				TEST_HOST = "$(BUILT_PRODUCTS_DIR)/NewsAppiOS.app/NewsAppiOS";
			};
			name = Release;
		};
		C04DAE312393E343001D7D77 /* Debug */ = {
			isa = XCBuildConfiguration;
			buildSettings = {
				ALWAYS_SEARCH_USER_PATHS = NO;
				CLANG_ANALYZER_NONNULL = YES;
				CLANG_ANALYZER_NUMBER_OBJECT_CONVERSION = YES_AGGRESSIVE;
				CLANG_CXX_LANGUAGE_STANDARD = "gnu++14";
				CLANG_CXX_LIBRARY = "libc++";
				CLANG_ENABLE_MODULES = YES;
				CLANG_ENABLE_OBJC_ARC = YES;
				CLANG_ENABLE_OBJC_WEAK = YES;
				CLANG_WARN_BLOCK_CAPTURE_AUTORELEASING = YES;
				CLANG_WARN_BOOL_CONVERSION = YES;
				CLANG_WARN_COMMA = YES;
				CLANG_WARN_CONSTANT_CONVERSION = YES;
				CLANG_WARN_DEPRECATED_OBJC_IMPLEMENTATIONS = YES;
				CLANG_WARN_DIRECT_OBJC_ISA_USAGE = YES_ERROR;
				CLANG_WARN_DOCUMENTATION_COMMENTS = YES;
				CLANG_WARN_EMPTY_BODY = YES;
				CLANG_WARN_ENUM_CONVERSION = YES;
				CLANG_WARN_INFINITE_RECURSION = YES;
				CLANG_WARN_INT_CONVERSION = YES;
				CLANG_WARN_NON_LITERAL_NULL_CONVERSION = YES;
				CLANG_WARN_OBJC_IMPLICIT_RETAIN_SELF = YES;
				CLANG_WARN_OBJC_LITERAL_CONVERSION = YES;
				CLANG_WARN_OBJC_ROOT_CLASS = YES_ERROR;
				CLANG_WARN_RANGE_LOOP_ANALYSIS = YES;
				CLANG_WARN_STRICT_PROTOTYPES = YES;
				CLANG_WARN_SUSPICIOUS_MOVE = YES;
				CLANG_WARN_UNGUARDED_AVAILABILITY = YES_AGGRESSIVE;
				CLANG_WARN_UNREACHABLE_CODE = YES;
				CLANG_WARN__DUPLICATE_METHOD_MATCH = YES;
				COPY_PHASE_STRIP = NO;
				DEBUG_INFORMATION_FORMAT = dwarf;
				ENABLE_STRICT_OBJC_MSGSEND = YES;
				ENABLE_TESTABILITY = YES;
				GCC_C_LANGUAGE_STANDARD = gnu11;
				GCC_DYNAMIC_NO_PIC = NO;
				GCC_NO_COMMON_BLOCKS = YES;
				GCC_OPTIMIZATION_LEVEL = 0;
				GCC_PREPROCESSOR_DEFINITIONS = (
					"DEBUG=1",
					"$(inherited)",
				);
				GCC_WARN_64_TO_32_BIT_CONVERSION = YES;
				GCC_WARN_ABOUT_RETURN_TYPE = YES_ERROR;
				GCC_WARN_UNDECLARED_SELECTOR = YES;
				GCC_WARN_UNINITIALIZED_AUTOS = YES_AGGRESSIVE;
				GCC_WARN_UNUSED_FUNCTION = YES;
				GCC_WARN_UNUSED_VARIABLE = YES;
				IPHONEOS_DEPLOYMENT_TARGET = 13.2;
				MTL_ENABLE_DEBUG_INFO = INCLUDE_SOURCE;
				MTL_FAST_MATH = YES;
				ONLY_ACTIVE_ARCH = YES;
				SDKROOT = iphoneos;
				SWIFT_ACTIVE_COMPILATION_CONDITIONS = DEBUG;
				SWIFT_OPTIMIZATION_LEVEL = "-Onone";
			};
			name = Debug;
		};
		C04DAE322393E343001D7D77 /* Release */ = {
			isa = XCBuildConfiguration;
			buildSettings = {
				ALWAYS_SEARCH_USER_PATHS = NO;
				CLANG_ANALYZER_NONNULL = YES;
				CLANG_ANALYZER_NUMBER_OBJECT_CONVERSION = YES_AGGRESSIVE;
				CLANG_CXX_LANGUAGE_STANDARD = "gnu++14";
				CLANG_CXX_LIBRARY = "libc++";
				CLANG_ENABLE_MODULES = YES;
				CLANG_ENABLE_OBJC_ARC = YES;
				CLANG_ENABLE_OBJC_WEAK = YES;
				CLANG_WARN_BLOCK_CAPTURE_AUTORELEASING = YES;
				CLANG_WARN_BOOL_CONVERSION = YES;
				CLANG_WARN_COMMA = YES;
				CLANG_WARN_CONSTANT_CONVERSION = YES;
				CLANG_WARN_DEPRECATED_OBJC_IMPLEMENTATIONS = YES;
				CLANG_WARN_DIRECT_OBJC_ISA_USAGE = YES_ERROR;
				CLANG_WARN_DOCUMENTATION_COMMENTS = YES;
				CLANG_WARN_EMPTY_BODY = YES;
				CLANG_WARN_ENUM_CONVERSION = YES;
				CLANG_WARN_INFINITE_RECURSION = YES;
				CLANG_WARN_INT_CONVERSION = YES;
				CLANG_WARN_NON_LITERAL_NULL_CONVERSION = YES;
				CLANG_WARN_OBJC_IMPLICIT_RETAIN_SELF = YES;
				CLANG_WARN_OBJC_LITERAL_CONVERSION = YES;
				CLANG_WARN_OBJC_ROOT_CLASS = YES_ERROR;
				CLANG_WARN_RANGE_LOOP_ANALYSIS = YES;
				CLANG_WARN_STRICT_PROTOTYPES = YES;
				CLANG_WARN_SUSPICIOUS_MOVE = YES;
				CLANG_WARN_UNGUARDED_AVAILABILITY = YES_AGGRESSIVE;
				CLANG_WARN_UNREACHABLE_CODE = YES;
				CLANG_WARN__DUPLICATE_METHOD_MATCH = YES;
				COPY_PHASE_STRIP = NO;
				DEBUG_INFORMATION_FORMAT = "dwarf-with-dsym";
				ENABLE_NS_ASSERTIONS = NO;
				ENABLE_STRICT_OBJC_MSGSEND = YES;
				GCC_C_LANGUAGE_STANDARD = gnu11;
				GCC_NO_COMMON_BLOCKS = YES;
				GCC_WARN_64_TO_32_BIT_CONVERSION = YES;
				GCC_WARN_ABOUT_RETURN_TYPE = YES_ERROR;
				GCC_WARN_UNDECLARED_SELECTOR = YES;
				GCC_WARN_UNINITIALIZED_AUTOS = YES_AGGRESSIVE;
				GCC_WARN_UNUSED_FUNCTION = YES;
				GCC_WARN_UNUSED_VARIABLE = YES;
				IPHONEOS_DEPLOYMENT_TARGET = 13.2;
				MTL_ENABLE_DEBUG_INFO = NO;
				MTL_FAST_MATH = YES;
				SDKROOT = iphoneos;
				SWIFT_COMPILATION_MODE = wholemodule;
				SWIFT_OPTIMIZATION_LEVEL = "-O";
				VALIDATE_PRODUCT = YES;
			};
			name = Release;
		};
		C04DAE342393E343001D7D77 /* Debug */ = {
			isa = XCBuildConfiguration;
			buildSettings = {
				ALWAYS_EMBED_SWIFT_STANDARD_LIBRARIES = YES;
				ASSETCATALOG_COMPILER_APPICON_NAME = AppIcon;
				CODE_SIGN_STYLE = Automatic;
				DEVELOPMENT_ASSET_PATHS = "\"NewsAppiOS/Application/Preview Content\"";
				DEVELOPMENT_TEAM = K527BQ6P4G;
				ENABLE_PREVIEWS = YES;
				INFOPLIST_FILE = NewsAppiOS/Application/Info.plist;
				LD_RUNPATH_SEARCH_PATHS = (
					"$(inherited)",
					"@executable_path/Frameworks",
				);
				PRODUCT_BUNDLE_IDENTIFIER = com.codenight.NewsAppiOS;
				PRODUCT_NAME = "$(TARGET_NAME)";
				SWIFT_VERSION = 5.0;
				TARGETED_DEVICE_FAMILY = "1,2";
			};
			name = Debug;
		};
		C04DAE352393E343001D7D77 /* Release */ = {
			isa = XCBuildConfiguration;
			buildSettings = {
				ALWAYS_EMBED_SWIFT_STANDARD_LIBRARIES = YES;
				ASSETCATALOG_COMPILER_APPICON_NAME = AppIcon;
				CODE_SIGN_STYLE = Automatic;
				DEVELOPMENT_ASSET_PATHS = "\"NewsAppiOS/Application/Preview Content\"";
				DEVELOPMENT_TEAM = K527BQ6P4G;
				ENABLE_PREVIEWS = YES;
				INFOPLIST_FILE = NewsAppiOS/Application/Info.plist;
				LD_RUNPATH_SEARCH_PATHS = (
					"$(inherited)",
					"@executable_path/Frameworks",
				);
				PRODUCT_BUNDLE_IDENTIFIER = com.codenight.NewsAppiOS;
				PRODUCT_NAME = "$(TARGET_NAME)";
				SWIFT_VERSION = 5.0;
				TARGETED_DEVICE_FAMILY = "1,2";
			};
			name = Release;
		};
		C04DAE372393E343001D7D77 /* Debug */ = {
			isa = XCBuildConfiguration;
			buildSettings = {
				ALWAYS_EMBED_SWIFT_STANDARD_LIBRARIES = YES;
				BUNDLE_LOADER = "$(TEST_HOST)";
				CODE_SIGN_STYLE = Automatic;
				DEVELOPMENT_TEAM = K527BQ6P4G;
				INFOPLIST_FILE = NewsAppiOSTests/Info.plist;
				IPHONEOS_DEPLOYMENT_TARGET = 13.2;
				LD_RUNPATH_SEARCH_PATHS = (
					"$(inherited)",
					"@executable_path/Frameworks",
					"@loader_path/Frameworks",
				);
				PRODUCT_BUNDLE_IDENTIFIER = com.codenight.NewsAppiOSTests;
				PRODUCT_NAME = "$(TARGET_NAME)";
				SWIFT_VERSION = 5.0;
				TARGETED_DEVICE_FAMILY = "1,2";
				TEST_HOST = "$(BUILT_PRODUCTS_DIR)/NewsAppiOS.app/NewsAppiOS";
			};
			name = Debug;
		};
		C04DAE382393E343001D7D77 /* Release */ = {
			isa = XCBuildConfiguration;
			buildSettings = {
				ALWAYS_EMBED_SWIFT_STANDARD_LIBRARIES = YES;
				BUNDLE_LOADER = "$(TEST_HOST)";
				CODE_SIGN_STYLE = Automatic;
				DEVELOPMENT_TEAM = K527BQ6P4G;
				INFOPLIST_FILE = NewsAppiOSTests/Info.plist;
				IPHONEOS_DEPLOYMENT_TARGET = 13.2;
				LD_RUNPATH_SEARCH_PATHS = (
					"$(inherited)",
					"@executable_path/Frameworks",
					"@loader_path/Frameworks",
				);
				PRODUCT_BUNDLE_IDENTIFIER = com.codenight.NewsAppiOSTests;
				PRODUCT_NAME = "$(TARGET_NAME)";
				SWIFT_VERSION = 5.0;
				TARGETED_DEVICE_FAMILY = "1,2";
				TEST_HOST = "$(BUILT_PRODUCTS_DIR)/NewsAppiOS.app/NewsAppiOS";
			};
			name = Release;
		};
/* End XCBuildConfiguration section */

/* Begin XCConfigurationList section */
		C01E73B4239646920040E1EB /* Build configuration list for PBXNativeTarget "MVP" */ = {
			isa = XCConfigurationList;
			buildConfigurations = (
				C01E73B0239646920040E1EB /* Debug */,
				C01E73B1239646920040E1EB /* Release */,
			);
			defaultConfigurationIsVisible = 0;
			defaultConfigurationName = Release;
		};
		C01E73B5239646920040E1EB /* Build configuration list for PBXNativeTarget "MVPTests" */ = {
			isa = XCConfigurationList;
			buildConfigurations = (
				C01E73B2239646920040E1EB /* Debug */,
				C01E73B3239646920040E1EB /* Release */,
			);
			defaultConfigurationIsVisible = 0;
			defaultConfigurationName = Release;
		};
		C03516D42394F0D700586762 /* Build configuration list for PBXNativeTarget "Helpers" */ = {
			isa = XCConfigurationList;
			buildConfigurations = (
				C03516D52394F0D700586762 /* Debug */,
				C03516D62394F0D700586762 /* Release */,
			);
			defaultConfigurationIsVisible = 0;
			defaultConfigurationName = Release;
		};
		C03516D72394F0D700586762 /* Build configuration list for PBXNativeTarget "HelpersTests" */ = {
			isa = XCConfigurationList;
			buildConfigurations = (
				C03516D82394F0D700586762 /* Debug */,
				C03516D92394F0D700586762 /* Release */,
			);
			defaultConfigurationIsVisible = 0;
			defaultConfigurationName = Release;
		};
		C03516FA2394F14900586762 /* Build configuration list for PBXNativeTarget "MVC" */ = {
			isa = XCConfigurationList;
			buildConfigurations = (
				C03516FB2394F14900586762 /* Debug */,
				C03516FC2394F14900586762 /* Release */,
			);
			defaultConfigurationIsVisible = 0;
			defaultConfigurationName = Release;
		};
		C03516FD2394F14900586762 /* Build configuration list for PBXNativeTarget "MVCTests" */ = {
			isa = XCConfigurationList;
			buildConfigurations = (
				C03516FE2394F14900586762 /* Debug */,
				C03516FF2394F14900586762 /* Release */,
			);
			defaultConfigurationIsVisible = 0;
			defaultConfigurationName = Release;
		};
		C04DAE0F2393E340001D7D77 /* Build configuration list for PBXProject "NewsAppiOS" */ = {
			isa = XCConfigurationList;
			buildConfigurations = (
				C04DAE312393E343001D7D77 /* Debug */,
				C04DAE322393E343001D7D77 /* Release */,
			);
			defaultConfigurationIsVisible = 0;
			defaultConfigurationName = Release;
		};
		C04DAE332393E343001D7D77 /* Build configuration list for PBXNativeTarget "NewsAppiOS" */ = {
			isa = XCConfigurationList;
			buildConfigurations = (
				C04DAE342393E343001D7D77 /* Debug */,
				C04DAE352393E343001D7D77 /* Release */,
			);
			defaultConfigurationIsVisible = 0;
			defaultConfigurationName = Release;
		};
		C04DAE362393E343001D7D77 /* Build configuration list for PBXNativeTarget "NewsAppiOSTests" */ = {
			isa = XCConfigurationList;
			buildConfigurations = (
				C04DAE372393E343001D7D77 /* Debug */,
				C04DAE382393E343001D7D77 /* Release */,
			);
			defaultConfigurationIsVisible = 0;
			defaultConfigurationName = Release;
		};
/* End XCConfigurationList section */
	};
	rootObject = C04DAE0C2393E340001D7D77 /* Project object */;
}
